
Microsoft Visual Studio Solution File, Format Version 12.00
# Visual Studio Version 16
VisualStudioVersion = 16.0.29709.97
MinimumVisualStudioVersion = 10.0.40219.1
Project("{8BC9CEB8-8B4A-11D0-8D11-00A0C91BC942}") = "RESearch", "RESearch.vcxproj", "{075A24B6-6A7D-4292-B300-88E3946C877D}"
EndProject
Project("{8BC9CEB8-8B4A-11D0-8D11-00A0C91BC942}") = "FarLib", "OwnLibrary\FarLib\FarLib.vcxproj", "{74FA64C9-638F-4BCE-AD72-60D660CE0C2A}"
EndProject
Project("{8BC9CEB8-8B4A-11D0-8D11-00A0C91BC942}") = "pcre", "OwnLibrary\LibSrc\pcre\pcre.vcxproj", "{27A32067-1043-454E-9770-209B4C2E4A43}"
EndProject
Project("{8BC9CEB8-8B4A-11D0-8D11-00A0C91BC942}") = "Pavel", "OwnLibrary\LibSrc\Pavel.vcxproj", "{22A97E73-BCA6-4F61-B5CD-0FB88E54711A}"
EndProject
Global
	GlobalSection(SolutionConfigurationPlatforms) = preSolution
		Debug|Win32 = Debug|Win32
		Debug|x64 = Debug|x64
		Release|Win32 = Release|Win32
		Release|x64 = Release|x64
	EndGlobalSection
	GlobalSection(ProjectConfigurationPlatforms) = postSolution
		{075A24B6-6A7D-4292-B300-88E3946C877D}.Debug|Win32.ActiveCfg = Debug|Win32
		{075A24B6-6A7D-4292-B300-88E3946C877D}.Debug|Win32.Build.0 = Debug|Win32
		{075A24B6-6A7D-4292-B300-88E3946C877D}.Debug|x64.ActiveCfg = Debug|x64
		{075A24B6-6A7D-4292-B300-88E3946C877D}.Debug|x64.Build.0 = Debug|x64
		{075A24B6-6A7D-4292-B300-88E3946C877D}.Release|Win32.ActiveCfg = Release|Win32
		{075A24B6-6A7D-4292-B300-88E3946C877D}.Release|Win32.Build.0 = Release|Win32
		{075A24B6-6A7D-4292-B300-88E3946C877D}.Release|x64.ActiveCfg = Release|x64
		{075A24B6-6A7D-4292-B300-88E3946C877D}.Release|x64.Build.0 = Release|x64
		{74FA64C9-638F-4BCE-AD72-60D660CE0C2A}.Debug|Win32.ActiveCfg = Debug|Win32
		{74FA64C9-638F-4BCE-AD72-60D660CE0C2A}.Debug|Win32.Build.0 = Debug|Win32
		{74FA64C9-638F-4BCE-AD72-60D660CE0C2A}.Debug|x64.ActiveCfg = Debug|x64
		{74FA64C9-638F-4BCE-AD72-60D660CE0C2A}.Debug|x64.Build.0 = Debug|x64
		{74FA64C9-638F-4BCE-AD72-60D660CE0C2A}.Release|Win32.ActiveCfg = Release|Win32
		{74FA64C9-638F-4BCE-AD72-60D660CE0C2A}.Release|Win32.Build.0 = Release|Win32
		{74FA64C9-638F-4BCE-AD72-60D660CE0C2A}.Release|x64.ActiveCfg = Release|x64
		{74FA64C9-638F-4BCE-AD72-60D660CE0C2A}.Release|x64.Build.0 = Release|x64
		{27A32067-1043-454E-9770-209B4C2E4A43}.Debug|Win32.ActiveCfg = Debug|Win32
		{27A32067-1043-454E-9770-209B4C2E4A43}.Debug|Win32.Build.0 = Debug|Win32
		{27A32067-1043-454E-9770-209B4C2E4A43}.Debug|x64.ActiveCfg = Debug|x64
		{27A32067-1043-454E-9770-209B4C2E4A43}.Debug|x64.Build.0 = Debug|x64
		{27A32067-1043-454E-9770-209B4C2E4A43}.Release|Win32.ActiveCfg = Release|Win32
		{27A32067-1043-454E-9770-209B4C2E4A43}.Release|Win32.Build.0 = Release|Win32
		{27A32067-1043-454E-9770-209B4C2E4A43}.Release|x64.ActiveCfg = Release|x64
		{27A32067-1043-454E-9770-209B4C2E4A43}.Release|x64.Build.0 = Release|x64
		{22A97E73-BCA6-4F61-B5CD-0FB88E54711A}.Debug|Win32.ActiveCfg = Debug|Win32
		{22A97E73-BCA6-4F61-B5CD-0FB88E54711A}.Debug|Win32.Build.0 = Debug|Win32
		{22A97E73-BCA6-4F61-B5CD-0FB88E54711A}.Debug|x64.ActiveCfg = Debug|x64
		{22A97E73-BCA6-4F61-B5CD-0FB88E54711A}.Debug|x64.Build.0 = Debug|x64
		{22A97E73-BCA6-4F61-B5CD-0FB88E54711A}.Release|Win32.ActiveCfg = Release|Win32
		{22A97E73-BCA6-4F61-B5CD-0FB88E54711A}.Release|Win32.Build.0 = Release|Win32
		{22A97E73-BCA6-4F61-B5CD-0FB88E54711A}.Release|x64.ActiveCfg = Release|x64
		{22A97E73-BCA6-4F61-B5CD-0FB88E54711A}.Release|x64.Build.0 = Release|x64
	EndGlobalSection
	GlobalSection(SolutionProperties) = preSolution
		HideSolutionNode = FALSE
	EndGlobalSection
	GlobalSection(ExtensibilityGlobals) = postSolution
		SolutionGuid = {3849C17E-3310-4523-9D03-49E8F54C035E}
	EndGlobalSection
EndGlobal
